
Microsoft Visual Studio Solution File, Format Version 12.00
# Visual Studio Version 16
VisualStudioVersion = 16.0.28729.10
MinimumVisualStudioVersion = 10.0.40219.1
Project("{FAE04EC0-301F-11D3-BF4B-00C04F79EFBC}") = "Calculator", "Calculator\Calculator.csproj", "{5AC17036-FC95-49D7-98E0-1BC9B5E7BCB4}"
EndProject
Project("{FAE04EC0-301F-11D3-BF4B-00C04F79EFBC}") = "Calculator.UnitTests", "Calculator.UnitTests\Calculator.UnitTests.csproj", "{98CA4AF7-FB70-4B91-8E74-951516C06D61}"
EndProject
Global
	GlobalSection(SolutionConfigurationPlatforms) = preSolution
		Debug|Any CPU = Debug|Any CPU
		Release|Any CPU = Release|Any CPU
	EndGlobalSection
	GlobalSection(ProjectConfigurationPlatforms) = postSolution
		{5AC17036-FC95-49D7-98E0-1BC9B5E7BCB4}.Debug|Any CPU.ActiveCfg = Debug|Any CPU
		{5AC17036-FC95-49D7-98E0-1BC9B5E7BCB4}.Debug|Any CPU.Build.0 = Debug|Any CPU
		{5AC17036-FC95-49D7-98E0-1BC9B5E7BCB4}.Release|Any CPU.ActiveCfg = Release|Any CPU
		{5AC17036-FC95-49D7-98E0-1BC9B5E7BCB4}.Release|Any CPU.Build.0 = Release|Any CPU
		{98CA4AF7-FB70-4B91-8E74-951516C06D61}.Debug|Any CPU.ActiveCfg = Debug|Any CPU
		{98CA4AF7-FB70-4B91-8E74-951516C06D61}.Debug|Any CPU.Build.0 = Debug|Any CPU
		{98CA4AF7-FB70-4B91-8E74-951516C06D61}.Release|Any CPU.ActiveCfg = Release|Any CPU
		{98CA4AF7-FB70-4B91-8E74-951516C06D61}.Release|Any CPU.Build.0 = Release|Any CPU
	EndGlobalSection
	GlobalSection(SolutionProperties) = preSolution
		HideSolutionNode = FALSE
	EndGlobalSection
	GlobalSection(ExtensibilityGlobals) = postSolution
		SolutionGuid = {EFA75AB1-07EB-4C2F-906A-5CF02D01F6BC}
	EndGlobalSection
EndGlobal
